// !$*UTF8*$!
{
	archiveVersion = 1;
	classes = {
	};
	objectVersion = 50;
	objects = {

/* Begin PBXBuildFile section */
		A541BEE4259294020055C23C /* AppDelegate.swift in Sources */ = {isa = PBXBuildFile; fileRef = A541BEE3259294020055C23C /* AppDelegate.swift */; };
		A541BEE6259294020055C23C /* SceneDelegate.swift in Sources */ = {isa = PBXBuildFile; fileRef = A541BEE5259294020055C23C /* SceneDelegate.swift */; };
		A541BEE8259294020055C23C /* ViewController.swift in Sources */ = {isa = PBXBuildFile; fileRef = A541BEE7259294020055C23C /* ViewController.swift */; };
		A541BEEB259294020055C23C /* Main.storyboard in Resources */ = {isa = PBXBuildFile; fileRef = A541BEE9259294020055C23C /* Main.storyboard */; };
		A541BEED259294030055C23C /* Assets.xcassets in Resources */ = {isa = PBXBuildFile; fileRef = A541BEEC259294030055C23C /* Assets.xcassets */; };
		A541BEF0259294030055C23C /* LaunchScreen.storyboard in Resources */ = {isa = PBXBuildFile; fileRef = A541BEEE259294030055C23C /* LaunchScreen.storyboard */; };
		F35204DEFED4939B977CBAE5 /* Pods_ironman.framework in Frameworks */ = {isa = PBXBuildFile; fileRef = 31FB9468E0D1820A16A270FB /* Pods_ironman.framework */; };
/* End PBXBuildFile section */

/* Begin PBXFileReference section */
		14EF389C9F082609EBC01F34 /* Pods-ironman.release.xcconfig */ = {isa = PBXFileReference; includeInIndex = 1; lastKnownFileType = text.xcconfig; name = "Pods-ironman.release.xcconfig"; path = "Target Support Files/Pods-ironman/Pods-ironman.release.xcconfig"; sourceTree = "<group>"; };
		2E055DFA768A3D2C6B5F9A56 /* Pods-ironman.debug.xcconfig */ = {isa = PBXFileReference; includeInIndex = 1; lastKnownFileType = text.xcconfig; name = "Pods-ironman.debug.xcconfig"; path = "Target Support Files/Pods-ironman/Pods-ironman.debug.xcconfig"; sourceTree = "<group>"; };
		31FB9468E0D1820A16A270FB /* Pods_ironman.framework */ = {isa = PBXFileReference; explicitFileType = wrapper.framework; includeInIndex = 0; path = Pods_ironman.framework; sourceTree = BUILT_PRODUCTS_DIR; };
		A541BEE0259294020055C23C /* ironman.app */ = {isa = PBXFileReference; explicitFileType = wrapper.application; includeInIndex = 0; path = ironman.app; sourceTree = BUILT_PRODUCTS_DIR; };
		A541BEE3259294020055C23C /* AppDelegate.swift */ = {isa = PBXFileReference; lastKnownFileType = sourcecode.swift; path = AppDelegate.swift; sourceTree = "<group>"; };
		A541BEE5259294020055C23C /* SceneDelegate.swift */ = {isa = PBXFileReference; lastKnownFileType = sourcecode.swift; path = SceneDelegate.swift; sourceTree = "<group>"; };
		A541BEE7259294020055C23C /* ViewController.swift */ = {isa = PBXFileReference; lastKnownFileType = sourcecode.swift; path = ViewController.swift; sourceTree = "<group>"; };
		A541BEEA259294020055C23C /* Base */ = {isa = PBXFileReference; lastKnownFileType = file.storyboard; name = Base; path = Base.lproj/Main.storyboard; sourceTree = "<group>"; };
		A541BEEC259294030055C23C /* Assets.xcassets */ = {isa = PBXFileReference; lastKnownFileType = folder.assetcatalog; path = Assets.xcassets; sourceTree = "<group>"; };
		A541BEEF259294030055C23C /* Base */ = {isa = PBXFileReference; lastKnownFileType = file.storyboard; name = Base; path = Base.lproj/LaunchScreen.storyboard; sourceTree = "<group>"; };
		A541BEF1259294030055C23C /* Info.plist */ = {isa = PBXFileReference; lastKnownFileType = text.plist.xml; path = Info.plist; sourceTree = "<group>"; };
/* End PBXFileReference section */

/* Begin PBXFrameworksBuildPhase section */
		A541BEDD259294020055C23C /* Frameworks */ = {
			isa = PBXFrameworksBuildPhase;
			buildActionMask = 2147483647;
			files = (
				F35204DEFED4939B977CBAE5 /* Pods_ironman.framework in Frameworks */,
			);
			runOnlyForDeploymentPostprocessing = 0;
		};
/* End PBXFrameworksBuildPhase section */

/* Begin PBXGroup section */
		820A62F4B6626C3BDF3F43D5 /* Frameworks */ = {
			isa = PBXGroup;
			children = (
				31FB9468E0D1820A16A270FB /* Pods_ironman.framework */,
			);
			name = Frameworks;
			sourceTree = "<group>";
		};
		A541BED7259294020055C23C = {
			isa = PBXGroup;
			children = (
				A541BEE2259294020055C23C /* ironman */,
				A541BEE1259294020055C23C /* Products */,
				B87B25453A4C89C0EF2D9611 /* Pods */,
				820A62F4B6626C3BDF3F43D5 /* Frameworks */,
			);
			sourceTree = "<group>";
		};
		A541BEE1259294020055C23C /* Products */ = {
			isa = PBXGroup;
			children = (
				A541BEE0259294020055C23C /* ironman.app */,
			);
			name = Products;
			sourceTree = "<group>";
		};
		A541BEE2259294020055C23C /* ironman */ = {
			isa = PBXGroup;
			children = (
				A541BEE3259294020055C23C /* AppDelegate.swift */,
				A541BEE5259294020055C23C /* SceneDelegate.swift */,
				A541BEE7259294020055C23C /* ViewController.swift */,
				A541BEE9259294020055C23C /* Main.storyboard */,
				A541BEEC259294030055C23C /* Assets.xcassets */,
				A541BEEE259294030055C23C /* LaunchScreen.storyboard */,
				A541BEF1259294030055C23C /* Info.plist */,
			);
			path = ironman;
			sourceTree = "<group>";
		};
		B87B25453A4C89C0EF2D9611 /* Pods */ = {
			isa = PBXGroup;
			children = (
				2E055DFA768A3D2C6B5F9A56 /* Pods-ironman.debug.xcconfig */,
				14EF389C9F082609EBC01F34 /* Pods-ironman.release.xcconfig */,
			);
			name = Pods;
			path = Pods;
			sourceTree = "<group>";
		};
/* End PBXGroup section */

/* Begin PBXNativeTarget section */
		A541BEDF259294020055C23C /* ironman */ = {
			isa = PBXNativeTarget;
			buildConfigurationList = A541BEF4259294030055C23C /* Build configuration list for PBXNativeTarget "ironman" */;
			buildPhases = (
				79E6DB2AECDF8704F3A52124 /* [CP] Check Pods Manifest.lock */,
				A541BEDC259294020055C23C /* Sources */,
				A541BEDD259294020055C23C /* Frameworks */,
				A541BEDE259294020055C23C /* Resources */,
				2851B1351874411613C6641E /* [CP] Embed Pods Frameworks */,
			);
			buildRules = (
			);
			dependencies = (
			);
			name = ironman;
			productName = ironman;
			productReference = A541BEE0259294020055C23C /* ironman.app */;
			productType = "com.apple.product-type.application";
		};
/* End PBXNativeTarget section */

/* Begin PBXProject section */
		A541BED8259294020055C23C /* Project object */ = {
			isa = PBXProject;
			attributes = {
				LastSwiftUpdateCheck = 1200;
				LastUpgradeCheck = 1200;
				TargetAttributes = {
					A541BEDF259294020055C23C = {
						CreatedOnToolsVersion = 12.0.1;
					};
				};
			};
			buildConfigurationList = A541BEDB259294020055C23C /* Build configuration list for PBXProject "ironman" */;
			compatibilityVersion = "Xcode 9.3";
			developmentRegion = en;
			hasScannedForEncodings = 0;
			knownRegions = (
				en,
				Base,
			);
			mainGroup = A541BED7259294020055C23C;
			productRefGroup = A541BEE1259294020055C23C /* Products */;
			projectDirPath = "";
			projectRoot = "";
			targets = (
				A541BEDF259294020055C23C /* ironman */,
			);
		};
/* End PBXProject section */

/* Begin PBXResourcesBuildPhase section */
		A541BEDE259294020055C23C /* Resources */ = {
			isa = PBXResourcesBuildPhase;
			buildActionMask = 2147483647;
			files = (
				A541BEF0259294030055C23C /* LaunchScreen.storyboard in Resources */,
				A541BEED259294030055C23C /* Assets.xcassets in Resources */,
				A541BEEB259294020055C23C /* Main.storyboard in Resources */,
			);
			runOnlyForDeploymentPostprocessing = 0;
		};
/* End PBXResourcesBuildPhase section */

/* Begin PBXShellScriptBuildPhase section */
		2851B1351874411613C6641E /* [CP] Embed Pods Frameworks */ = {
			isa = PBXShellScriptBuildPhase;
			buildActionMask = 2147483647;
			files = (
			);
			inputFileListPaths = (
				"${PODS_ROOT}/Target Support Files/Pods-ironman/Pods-ironman-frameworks-${CONFIGURATION}-input-files.xcfilelist",
			);
			name = "[CP] Embed Pods Frameworks";
			outputFileListPaths = (
				"${PODS_ROOT}/Target Support Files/Pods-ironman/Pods-ironman-frameworks-${CONFIGURATION}-output-files.xcfilelist",
			);
			runOnlyForDeploymentPostprocessing = 0;
			shellPath = /bin/sh;
			shellScript = "\"${PODS_ROOT}/Target Support Files/Pods-ironman/Pods-ironman-frameworks.sh\"\n";
			showEnvVarsInLog = 0;
		};
		79E6DB2AECDF8704F3A52124 /* [CP] Check Pods Manifest.lock */ = {
			isa = PBXShellScriptBuildPhase;
			buildActionMask = 2147483647;
			files = (
			);
			inputFileListPaths = (
			);
			inputPaths = (
				"${PODS_PODFILE_DIR_PATH}/Podfile.lock",
				"${PODS_ROOT}/Manifest.lock",
			);
			name = "[CP] Check Pods Manifest.lock";
			outputFileListPaths = (
			);
			outputPaths = (
				"$(DERIVED_FILE_DIR)/Pods-ironman-checkManifestLockResult.txt",
			);
			runOnlyForDeploymentPostprocessing = 0;
			shellPath = /bin/sh;
			shellScript = "diff \"${PODS_PODFILE_DIR_PATH}/Podfile.lock\" \"${PODS_ROOT}/Manifest.lock\" > /dev/null\nif [ $? != 0 ] ; then\n    # print error to STDERR\n    echo \"error: The sandbox is not in sync with the Podfile.lock. Run 'pod install' or update your CocoaPods installation.\" >&2\n    exit 1\nfi\n# This output is used by Xcode 'outputs' to avoid re-running this script phase.\necho \"SUCCESS\" > \"${SCRIPT_OUTPUT_FILE_0}\"\n";
			showEnvVarsInLog = 0;
		};
/* End PBXShellScriptBuildPhase section */

/* Begin PBXSourcesBuildPhase section */
		A541BEDC259294020055C23C /* Sources */ = {
			isa = PBXSourcesBuildPhase;
			buildActionMask = 2147483647;
			files = (
				A541BEE8259294020055C23C /* ViewController.swift in Sources */,
				A541BEE4259294020055C23C /* AppDelegate.swift in Sources */,
				A541BEE6259294020055C23C /* SceneDelegate.swift in Sources */,
			);
			runOnlyForDeploymentPostprocessing = 0;
		};
/* End PBXSourcesBuildPhase section */

/* Begin PBXVariantGroup section */
		A541BEE9259294020055C23C /* Main.storyboard */ = {
			isa = PBXVariantGroup;
			children = (
				A541BEEA259294020055C23C /* Base */,
			);
			name = Main.storyboard;
			sourceTree = "<group>";
		};
		A541BEEE259294030055C23C /* LaunchScreen.storyboard */ = {
			isa = PBXVariantGroup;
			children = (
				A541BEEF259294030055C23C /* Base */,
			);
			name = LaunchScreen.storyboard;
			sourceTree = "<group>";
		};
/* End PBXVariantGroup section */

/* Begin XCBuildConfiguration section */
		A541BEF2259294030055C23C /* Debug */ = {
			isa = XCBuildConfiguration;
			buildSettings = {
				ALWAYS_SEARCH_USER_PATHS = NO;
				CLANG_ANALYZER_NONNULL = YES;
				CLANG_ANALYZER_NUMBER_OBJECT_CONVERSION = YES_AGGRESSIVE;
				CLANG_CXX_LANGUAGE_STANDARD = "gnu++14";
				CLANG_CXX_LIBRARY = "libc++";
				CLANG_ENABLE_MODULES = YES;
				CLANG_ENABLE_OBJC_ARC = YES;
				CLANG_ENABLE_OBJC_WEAK = YES;
				CLANG_WARN_BLOCK_CAPTURE_AUTORELEASING = YES;
				CLANG_WARN_BOOL_CONVERSION = YES;
				CLANG_WARN_COMMA = YES;
				CLANG_WARN_CONSTANT_CONVERSION = YES;
				CLANG_WARN_DEPRECATED_OBJC_IMPLEMENTATIONS = YES;
				CLANG_WARN_DIRECT_OBJC_ISA_USAGE = YES_ERROR;
				CLANG_WARN_DOCUMENTATION_COMMENTS = YES;
				CLANG_WARN_EMPTY_BODY = YES;
				CLANG_WARN_ENUM_CONVERSION = YES;
				CLANG_WARN_INFINITE_RECURSION = YES;
				CLANG_WARN_INT_CONVERSION = YES;
				CLANG_WARN_NON_LITERAL_NULL_CONVERSION = YES;
				CLANG_WARN_OBJC_IMPLICIT_RETAIN_SELF = YES;
				CLANG_WARN_OBJC_LITERAL_CONVERSION = YES;
				CLANG_WARN_OBJC_ROOT_CLASS = YES_ERROR;
				CLANG_WARN_QUOTED_INCLUDE_IN_FRAMEWORK_HEADER = YES;
				CLANG_WARN_RANGE_LOOP_ANALYSIS = YES;
				CLANG_WARN_STRICT_PROTOTYPES = YES;
				CLANG_WARN_SUSPICIOUS_MOVE = YES;
				CLANG_WARN_UNGUARDED_AVAILABILITY = YES_AGGRESSIVE;
				CLANG_WARN_UNREACHABLE_CODE = YES;
				CLANG_WARN__DUPLICATE_METHOD_MATCH = YES;
				COPY_PHASE_STRIP = NO;
				DEBUG_INFORMATION_FORMAT = dwarf;
				ENABLE_STRICT_OBJC_MSGSEND = YES;
				ENABLE_TESTABILITY = YES;
				GCC_C_LANGUAGE_STANDARD = gnu11;
				GCC_DYNAMIC_NO_PIC = NO;
				GCC_NO_COMMON_BLOCKS = YES;
				GCC_OPTIMIZATION_LEVEL = 0;
				GCC_PREPROCESSOR_DEFINITIONS = (
					"DEBUG=1",
					"$(inherited)",
				);
				GCC_WARN_64_TO_32_BIT_CONVERSION = YES;
				GCC_WARN_ABOUT_RETURN_TYPE = YES_ERROR;
				GCC_WARN_UNDECLARED_SELECTOR = YES;
				GCC_WARN_UNINITIALIZED_AUTOS = YES_AGGRESSIVE;
				GCC_WARN_UNUSED_FUNCTION = YES;
				GCC_WARN_UNUSED_VARIABLE = YES;
				IPHONEOS_DEPLOYMENT_TARGET = 14.0;
				MTL_ENABLE_DEBUG_INFO = INCLUDE_SOURCE;
				MTL_FAST_MATH = YES;
				ONLY_ACTIVE_ARCH = YES;
				SDKROOT = iphoneos;
				SWIFT_ACTIVE_COMPILATION_CONDITIONS = DEBUG;
				SWIFT_OPTIMIZATION_LEVEL = "-Onone";
			};
			name = Debug;
		};
		A541BEF3259294030055C23C /* Release */ = {
			isa = XCBuildConfiguration;
			buildSettings = {
				ALWAYS_SEARCH_USER_PATHS = NO;
				CLANG_ANALYZER_NONNULL = YES;
				CLANG_ANALYZER_NUMBER_OBJECT_CONVERSION = YES_AGGRESSIVE;
				CLANG_CXX_LANGUAGE_STANDARD = "gnu++14";
				CLANG_CXX_LIBRARY = "libc++";
				CLANG_ENABLE_MODULES = YES;
				CLANG_ENABLE_OBJC_ARC = YES;
				CLANG_ENABLE_OBJC_WEAK = YES;
				CLANG_WARN_BLOCK_CAPTURE_AUTORELEASING = YES;
				CLANG_WARN_BOOL_CONVERSION = YES;
				CLANG_WARN_COMMA = YES;
				CLANG_WARN_CONSTANT_CONVERSION = YES;
				CLANG_WARN_DEPRECATED_OBJC_IMPLEMENTATIONS = YES;
				CLANG_WARN_DIRECT_OBJC_ISA_USAGE = YES_ERROR;
				CLANG_WARN_DOCUMENTATION_COMMENTS = YES;
				CLANG_WARN_EMPTY_BODY = YES;
				CLANG_WARN_ENUM_CONVERSION = YES;
				CLANG_WARN_INFINITE_RECURSION = YES;
				CLANG_WARN_INT_CONVERSION = YES;
				CLANG_WARN_NON_LITERAL_NULL_CONVERSION = YES;
				CLANG_WARN_OBJC_IMPLICIT_RETAIN_SELF = YES;
				CLANG_WARN_OBJC_LITERAL_CONVERSION = YES;
				CLANG_WARN_OBJC_ROOT_CLASS = YES_ERROR;
				CLANG_WARN_QUOTED_INCLUDE_IN_FRAMEWORK_HEADER = YES;
				CLANG_WARN_RANGE_LOOP_ANALYSIS = YES;
				CLANG_WARN_STRICT_PROTOTYPES = YES;
				CLANG_WARN_SUSPICIOUS_MOVE = YES;
				CLANG_WARN_UNGUARDED_AVAILABILITY = YES_AGGRESSIVE;
				CLANG_WARN_UNREACHABLE_CODE = YES;
				CLANG_WARN__DUPLICATE_METHOD_MATCH = YES;
				COPY_PHASE_STRIP = NO;
				DEBUG_INFORMATION_FORMAT = "dwarf-with-dsym";
				ENABLE_NS_ASSERTIONS = NO;
				ENABLE_STRICT_OBJC_MSGSEND = YES;
				GCC_C_LANGUAGE_STANDARD = gnu11;
				GCC_NO_COMMON_BLOCKS = YES;
				GCC_WARN_64_TO_32_BIT_CONVERSION = YES;
				GCC_WARN_ABOUT_RETURN_TYPE = YES_ERROR;
				GCC_WARN_UNDECLARED_SELECTOR = YES;
				GCC_WARN_UNINITIALIZED_AUTOS = YES_AGGRESSIVE;
				GCC_WARN_UNUSED_FUNCTION = YES;
				GCC_WARN_UNUSED_VARIABLE = YES;
				IPHONEOS_DEPLOYMENT_TARGET = 14.0;
				MTL_ENABLE_DEBUG_INFO = NO;
				MTL_FAST_MATH = YES;
				SDKROOT = iphoneos;
				SWIFT_COMPILATION_MODE = wholemodule;
				SWIFT_OPTIMIZATION_LEVEL = "-O";
				VALIDATE_PRODUCT = YES;
			};
			name = Release;
		};
		A541BEF5259294030055C23C /* Debug */ = {
			isa = XCBuildConfiguration;
			baseConfigurationReference = 2E055DFA768A3D2C6B5F9A56 /* Pods-ironman.debug.xcconfig */;
			buildSettings = {
				ASSETCATALOG_COMPILER_APPICON_NAME = AppIcon;
				ASSETCATALOG_COMPILER_GLOBAL_ACCENT_COLOR_NAME = AccentColor;
				CODE_SIGN_STYLE = Automatic;
				DEVELOPMENT_TEAM = DH7PS64634;
				INFOPLIST_FILE = ironman/Info.plist;
				LD_RUNPATH_SEARCH_PATHS = (
					"$(inherited)",
					"@executable_path/Frameworks",
				);
				PRODUCT_BUNDLE_IDENTIFIER = com.onceagain.ironman;
				PRODUCT_NAME = "$(TARGET_NAME)";
				SWIFT_VERSION = 5.0;
				TARGETED_DEVICE_FAMILY = "1,2";
			};
			name = Debug;
		};
		A541BEF6259294030055C23C /* Release */ = {
			isa = XCBuildConfiguration;
			baseConfigurationReference = 14EF389C9F082609EBC01F34 /* Pods-ironman.release.xcconfig */;
			buildSettings = {
				ASSETCATALOG_COMPILER_APPICON_NAME = AppIcon;
				ASSETCATALOG_COMPILER_GLOBAL_ACCENT_COLOR_NAME = AccentColor;
				CODE_SIGN_STYLE = Automatic;
				DEVELOPMENT_TEAM = DH7PS64634;
				INFOPLIST_FILE = ironman/Info.plist;
				LD_RUNPATH_SEARCH_PATHS = (
					"$(inherited)",
					"@executable_path/Frameworks",
				);
				PRODUCT_BUNDLE_IDENTIFIER = com.onceagain.ironman;
				PRODUCT_NAME = "$(TARGET_NAME)";
				SWIFT_VERSION = 5.0;
				TARGETED_DEVICE_FAMILY = "1,2";
			};
			name = Release;
		};
/* End XCBuildConfiguration section */

/* Begin XCConfigurationList section */
		A541BEDB259294020055C23C /* Build configuration list for PBXProject "ironman" */ = {
			isa = XCConfigurationList;
			buildConfigurations = (
				A541BEF2259294030055C23C /* Debug */,
				A541BEF3259294030055C23C /* Release */,
			);
			defaultConfigurationIsVisible = 0;
			defaultConfigurationName = Release;
		};
		A541BEF4259294030055C23C /* Build configuration list for PBXNativeTarget "ironman" */ = {
			isa = XCConfigurationList;
			buildConfigurations = (
				A541BEF5259294030055C23C /* Debug */,
				A541BEF6259294030055C23C /* Release */,
			);
			defaultConfigurationIsVisible = 0;
			defaultConfigurationName = Release;
		};
/* End XCConfigurationList section */
	};
	rootObject = A541BED8259294020055C23C /* Project object */;
}
