// !$*UTF8*$!
{
	archiveVersion = 1;
	classes = {
	};
	objectVersion = 51;
	objects = {

/* Begin PBXBuildFile section */
		A541BEE4259294020055C23C /* AppDelegate.swift in Sources */ = {isa = PBXBuildFile; fileRef = A541BEE3259294020055C23C /* AppDelegate.swift */; };
		A541BEE6259294020055C23C /* SceneDelegate.swift in Sources */ = {isa = PBXBuildFile; fileRef = A541BEE5259294020055C23C /* SceneDelegate.swift */; };
		A541BEE8259294020055C23C /* ViewController.swift in Sources */ = {isa = PBXBuildFile; fileRef = A541BEE7259294020055C23C /* ViewController.swift */; };
		A541BEEB259294020055C23C /* Main.storyboard in Resources */ = {isa = PBXBuildFile; fileRef = A541BEE9259294020055C23C /* Main.storyboard */; };
		A541BEED259294030055C23C /* Assets.xcassets in Resources */ = {isa = PBXBuildFile; fileRef = A541BEEC259294030055C23C /* Assets.xcassets */; };
		A541BEF0259294030055C23C /* LaunchScreen.storyboard in Resources */ = {isa = PBXBuildFile; fileRef = A541BEEE259294030055C23C /* LaunchScreen.storyboard */; };
		A5FAC5E1259370BC0076F6F6 /* NicknameValidateViewController.swift in Sources */ = {isa = PBXBuildFile; fileRef = A5FAC5E0259370BC0076F6F6 /* NicknameValidateViewController.swift */; };
		A5FAC5E525937B760076F6F6 /* ProfileSelectViewController.swift in Sources */ = {isa = PBXBuildFile; fileRef = A5FAC5E425937B760076F6F6 /* ProfileSelectViewController.swift */; };
		A5FAC5E8259381D20076F6F6 /* ProfileResultViewController.swift in Sources */ = {isa = PBXBuildFile; fileRef = A5FAC5E7259381D20076F6F6 /* ProfileResultViewController.swift */; };
		A5FAC5EB2593869D0076F6F6 /* ServiceViewController.swift in Sources */ = {isa = PBXBuildFile; fileRef = A5FAC5EA2593869D0076F6F6 /* ServiceViewController.swift */; };
		A5FAC5EE259389490076F6F6 /* IntroBaseViewController.swift in Sources */ = {isa = PBXBuildFile; fileRef = A5FAC5ED259389490076F6F6 /* IntroBaseViewController.swift */; };
		CCBECB2C265F694F00800705 /* AdditionalInfoView.swift in Sources */ = {isa = PBXBuildFile; fileRef = CCBECB2B265F694F00800705 /* AdditionalInfoView.swift */; };
		CCBECB2E265F717800800705 /* CreateConfirmButton.swift in Sources */ = {isa = PBXBuildFile; fileRef = CCBECB2D265F717800800705 /* CreateConfirmButton.swift */; };
		CCBECB31265F7CAF00800705 /* DatePickViewController.swift in Sources */ = {isa = PBXBuildFile; fileRef = CCBECB30265F7CAF00800705 /* DatePickViewController.swift */; };
		CCBECB37265F90E200800705 /* CreateDetailTitleLabel.swift in Sources */ = {isa = PBXBuildFile; fileRef = CCBECB36265F90E200800705 /* CreateDetailTitleLabel.swift */; };
		CCBECB3A2660A99700800705 /* PlaceSearchViewController.swift in Sources */ = {isa = PBXBuildFile; fileRef = CCBECB392660A99700800705 /* PlaceSearchViewController.swift */; };
		CCBECB3C2660AB0E00800705 /* BackButton.swift in Sources */ = {isa = PBXBuildFile; fileRef = CCBECB3B2660AB0E00800705 /* BackButton.swift */; };
		CCBECB3E2660AE9F00800705 /* UITextField+Ext.swift in Sources */ = {isa = PBXBuildFile; fileRef = CCBECB3D2660AE9F00800705 /* UITextField+Ext.swift */; };
		CCBECB412660B09000800705 /* PlaceSearchTableViewCell.swift in Sources */ = {isa = PBXBuildFile; fileRef = CCBECB402660B09000800705 /* PlaceSearchTableViewCell.swift */; };
		CCBECB432660D1E500800705 /* CreateMeetingGuideButton.swift in Sources */ = {isa = PBXBuildFile; fileRef = CCBECB422660D1E500800705 /* CreateMeetingGuideButton.swift */; };
		CCBECB462660D41D00800705 /* MemberViewController.swift in Sources */ = {isa = PBXBuildFile; fileRef = CCBECB452660D41D00800705 /* MemberViewController.swift */; };
		CCBECB492660E47F00800705 /* MemoViewController.swift in Sources */ = {isa = PBXBuildFile; fileRef = CCBECB482660E47F00800705 /* MemoViewController.swift */; };
		CCBECB4B2660EC0400800705 /* CreateDetailConfirmButton.swift in Sources */ = {isa = PBXBuildFile; fileRef = CCBECB4A2660EC0400800705 /* CreateDetailConfirmButton.swift */; };
		CCBECB4E2660F0AA00800705 /* PenaltyViewController.swift in Sources */ = {isa = PBXBuildFile; fileRef = CCBECB4D2660F0AA00800705 /* PenaltyViewController.swift */; };
		CCBECB512660F2D700800705 /* PenaltyTargetInfoView.swift in Sources */ = {isa = PBXBuildFile; fileRef = CCBECB502660F2D700800705 /* PenaltyTargetInfoView.swift */; };
		CCBECB532660F67500800705 /* PenaltyTableViewCell.swift in Sources */ = {isa = PBXBuildFile; fileRef = CCBECB522660F67500800705 /* PenaltyTableViewCell.swift */; };
		CCBECB562662045E00800705 /* CreateMeetingCompleteViewController.swift in Sources */ = {isa = PBXBuildFile; fileRef = CCBECB552662045E00800705 /* CreateMeetingCompleteViewController.swift */; };
		CCBECB582662221900800705 /* ChevronGrayButton.swift in Sources */ = {isa = PBXBuildFile; fileRef = CCBECB572662221900800705 /* ChevronGrayButton.swift */; };
		CCBECB5D266239D400800705 /* HomeViewController.swift in Sources */ = {isa = PBXBuildFile; fileRef = CCBECB5C266239D400800705 /* HomeViewController.swift */; };
		CCC58125265E1B6400872D3B /* HeadingLabel.swift in Sources */ = {isa = PBXBuildFile; fileRef = CCC58124265E1B6400872D3B /* HeadingLabel.swift */; };
		CCC58127265E281A00872D3B /* XmarkButton.swift in Sources */ = {isa = PBXBuildFile; fileRef = CCC58126265E281A00872D3B /* XmarkButton.swift */; };
		CCC58128265E35F900872D3B /* NotoSansKR-Bold.otf in Resources */ = {isa = PBXBuildFile; fileRef = CCC58120265E1AB600872D3B /* NotoSansKR-Bold.otf */; };
		CCC58129265E35F900872D3B /* NotoSansKR-Medium.otf in Resources */ = {isa = PBXBuildFile; fileRef = CCC58121265E1ABC00872D3B /* NotoSansKR-Medium.otf */; };
		CCC5812A265E35F900872D3B /* NotoSansKR-Regular.otf in Resources */ = {isa = PBXBuildFile; fileRef = CCC58122265E1AC300872D3B /* NotoSansKR-Regular.otf */; };
		CCC5812C265E3C2C00872D3B /* SubHeadingLabel.swift in Sources */ = {isa = PBXBuildFile; fileRef = CCC5812B265E3C2C00872D3B /* SubHeadingLabel.swift */; };
		CCC5812E265E3E8C00872D3B /* BaseGrayButton.swift in Sources */ = {isa = PBXBuildFile; fileRef = CCC5812D265E3E8C00872D3B /* BaseGrayButton.swift */; };
		CCC58130265E54EC00872D3B /* RequiredInfoView.swift in Sources */ = {isa = PBXBuildFile; fileRef = CCC5812F265E54EC00872D3B /* RequiredInfoView.swift */; };
		CCCB0FB726567EF1003F204F /* CreateMeetingViewController.swift in Sources */ = {isa = PBXBuildFile; fileRef = CCCB0FB626567EF1003F204F /* CreateMeetingViewController.swift */; };
		F35204DEFED4939B977CBAE5 /* Pods_ironman.framework in Frameworks */ = {isa = PBXBuildFile; fileRef = 31FB9468E0D1820A16A270FB /* Pods_ironman.framework */; };
/* End PBXBuildFile section */

/* Begin PBXFileReference section */
		14EF389C9F082609EBC01F34 /* Pods-ironman.release.xcconfig */ = {isa = PBXFileReference; includeInIndex = 1; lastKnownFileType = text.xcconfig; name = "Pods-ironman.release.xcconfig"; path = "Target Support Files/Pods-ironman/Pods-ironman.release.xcconfig"; sourceTree = "<group>"; };
		2E055DFA768A3D2C6B5F9A56 /* Pods-ironman.debug.xcconfig */ = {isa = PBXFileReference; includeInIndex = 1; lastKnownFileType = text.xcconfig; name = "Pods-ironman.debug.xcconfig"; path = "Target Support Files/Pods-ironman/Pods-ironman.debug.xcconfig"; sourceTree = "<group>"; };
		31FB9468E0D1820A16A270FB /* Pods_ironman.framework */ = {isa = PBXFileReference; explicitFileType = wrapper.framework; includeInIndex = 0; path = Pods_ironman.framework; sourceTree = BUILT_PRODUCTS_DIR; };
		A541BEE0259294020055C23C /* ironman.app */ = {isa = PBXFileReference; explicitFileType = wrapper.application; includeInIndex = 0; path = ironman.app; sourceTree = BUILT_PRODUCTS_DIR; };
		A541BEE3259294020055C23C /* AppDelegate.swift */ = {isa = PBXFileReference; lastKnownFileType = sourcecode.swift; path = AppDelegate.swift; sourceTree = "<group>"; };
		A541BEE5259294020055C23C /* SceneDelegate.swift */ = {isa = PBXFileReference; lastKnownFileType = sourcecode.swift; path = SceneDelegate.swift; sourceTree = "<group>"; };
		A541BEE7259294020055C23C /* ViewController.swift */ = {isa = PBXFileReference; lastKnownFileType = sourcecode.swift; path = ViewController.swift; sourceTree = "<group>"; };
		A541BEEA259294020055C23C /* Base */ = {isa = PBXFileReference; lastKnownFileType = file.storyboard; name = Base; path = Base.lproj/Main.storyboard; sourceTree = "<group>"; };
		A541BEEC259294030055C23C /* Assets.xcassets */ = {isa = PBXFileReference; lastKnownFileType = folder.assetcatalog; path = Assets.xcassets; sourceTree = "<group>"; };
		A541BEEF259294030055C23C /* Base */ = {isa = PBXFileReference; lastKnownFileType = file.storyboard; name = Base; path = Base.lproj/LaunchScreen.storyboard; sourceTree = "<group>"; };
		A541BEF1259294030055C23C /* Info.plist */ = {isa = PBXFileReference; lastKnownFileType = text.plist.xml; path = Info.plist; sourceTree = "<group>"; };
		A5FAC5E0259370BC0076F6F6 /* NicknameValidateViewController.swift */ = {isa = PBXFileReference; lastKnownFileType = sourcecode.swift; path = NicknameValidateViewController.swift; sourceTree = "<group>"; };
		A5FAC5E425937B760076F6F6 /* ProfileSelectViewController.swift */ = {isa = PBXFileReference; lastKnownFileType = sourcecode.swift; path = ProfileSelectViewController.swift; sourceTree = "<group>"; };
		A5FAC5E7259381D20076F6F6 /* ProfileResultViewController.swift */ = {isa = PBXFileReference; lastKnownFileType = sourcecode.swift; path = ProfileResultViewController.swift; sourceTree = "<group>"; };
		A5FAC5EA2593869D0076F6F6 /* ServiceViewController.swift */ = {isa = PBXFileReference; lastKnownFileType = sourcecode.swift; path = ServiceViewController.swift; sourceTree = "<group>"; };
		A5FAC5ED259389490076F6F6 /* IntroBaseViewController.swift */ = {isa = PBXFileReference; lastKnownFileType = sourcecode.swift; path = IntroBaseViewController.swift; sourceTree = "<group>"; };
		CCBECB2B265F694F00800705 /* AdditionalInfoView.swift */ = {isa = PBXFileReference; lastKnownFileType = sourcecode.swift; path = AdditionalInfoView.swift; sourceTree = "<group>"; };
		CCBECB2D265F717800800705 /* CreateConfirmButton.swift */ = {isa = PBXFileReference; lastKnownFileType = sourcecode.swift; path = CreateConfirmButton.swift; sourceTree = "<group>"; };
		CCBECB30265F7CAF00800705 /* DatePickViewController.swift */ = {isa = PBXFileReference; lastKnownFileType = sourcecode.swift; path = DatePickViewController.swift; sourceTree = "<group>"; };
		CCBECB36265F90E200800705 /* CreateDetailTitleLabel.swift */ = {isa = PBXFileReference; lastKnownFileType = sourcecode.swift; path = CreateDetailTitleLabel.swift; sourceTree = "<group>"; };
		CCBECB392660A99700800705 /* PlaceSearchViewController.swift */ = {isa = PBXFileReference; lastKnownFileType = sourcecode.swift; path = PlaceSearchViewController.swift; sourceTree = "<group>"; };
		CCBECB3B2660AB0E00800705 /* BackButton.swift */ = {isa = PBXFileReference; lastKnownFileType = sourcecode.swift; path = BackButton.swift; sourceTree = "<group>"; };
		CCBECB3D2660AE9F00800705 /* UITextField+Ext.swift */ = {isa = PBXFileReference; lastKnownFileType = sourcecode.swift; path = "UITextField+Ext.swift"; sourceTree = "<group>"; };
		CCBECB402660B09000800705 /* PlaceSearchTableViewCell.swift */ = {isa = PBXFileReference; lastKnownFileType = sourcecode.swift; path = PlaceSearchTableViewCell.swift; sourceTree = "<group>"; };
		CCBECB422660D1E500800705 /* CreateMeetingGuideButton.swift */ = {isa = PBXFileReference; lastKnownFileType = sourcecode.swift; path = CreateMeetingGuideButton.swift; sourceTree = "<group>"; };
		CCBECB452660D41D00800705 /* MemberViewController.swift */ = {isa = PBXFileReference; lastKnownFileType = sourcecode.swift; path = MemberViewController.swift; sourceTree = "<group>"; };
		CCBECB482660E47F00800705 /* MemoViewController.swift */ = {isa = PBXFileReference; lastKnownFileType = sourcecode.swift; path = MemoViewController.swift; sourceTree = "<group>"; };
		CCBECB4A2660EC0400800705 /* CreateDetailConfirmButton.swift */ = {isa = PBXFileReference; lastKnownFileType = sourcecode.swift; path = CreateDetailConfirmButton.swift; sourceTree = "<group>"; };
		CCBECB4D2660F0AA00800705 /* PenaltyViewController.swift */ = {isa = PBXFileReference; lastKnownFileType = sourcecode.swift; path = PenaltyViewController.swift; sourceTree = "<group>"; };
		CCBECB502660F2D700800705 /* PenaltyTargetInfoView.swift */ = {isa = PBXFileReference; lastKnownFileType = sourcecode.swift; path = PenaltyTargetInfoView.swift; sourceTree = "<group>"; };
		CCBECB522660F67500800705 /* PenaltyTableViewCell.swift */ = {isa = PBXFileReference; lastKnownFileType = sourcecode.swift; path = PenaltyTableViewCell.swift; sourceTree = "<group>"; };
		CCBECB552662045E00800705 /* CreateMeetingCompleteViewController.swift */ = {isa = PBXFileReference; lastKnownFileType = sourcecode.swift; path = CreateMeetingCompleteViewController.swift; sourceTree = "<group>"; };
		CCBECB572662221900800705 /* ChevronGrayButton.swift */ = {isa = PBXFileReference; lastKnownFileType = sourcecode.swift; path = ChevronGrayButton.swift; sourceTree = "<group>"; };
		CCBECB5C266239D400800705 /* HomeViewController.swift */ = {isa = PBXFileReference; lastKnownFileType = sourcecode.swift; path = HomeViewController.swift; sourceTree = "<group>"; };
		CCC58120265E1AB600872D3B /* NotoSansKR-Bold.otf */ = {isa = PBXFileReference; lastKnownFileType = file; path = "NotoSansKR-Bold.otf"; sourceTree = "<group>"; };
		CCC58121265E1ABC00872D3B /* NotoSansKR-Medium.otf */ = {isa = PBXFileReference; lastKnownFileType = file; path = "NotoSansKR-Medium.otf"; sourceTree = "<group>"; };
		CCC58122265E1AC300872D3B /* NotoSansKR-Regular.otf */ = {isa = PBXFileReference; lastKnownFileType = file; path = "NotoSansKR-Regular.otf"; sourceTree = "<group>"; };
		CCC58124265E1B6400872D3B /* HeadingLabel.swift */ = {isa = PBXFileReference; lastKnownFileType = sourcecode.swift; path = HeadingLabel.swift; sourceTree = "<group>"; };
		CCC58126265E281A00872D3B /* XmarkButton.swift */ = {isa = PBXFileReference; lastKnownFileType = sourcecode.swift; path = XmarkButton.swift; sourceTree = "<group>"; };
		CCC5812B265E3C2C00872D3B /* SubHeadingLabel.swift */ = {isa = PBXFileReference; lastKnownFileType = sourcecode.swift; path = SubHeadingLabel.swift; sourceTree = "<group>"; };
		CCC5812D265E3E8C00872D3B /* BaseGrayButton.swift */ = {isa = PBXFileReference; lastKnownFileType = sourcecode.swift; path = BaseGrayButton.swift; sourceTree = "<group>"; };
		CCC5812F265E54EC00872D3B /* RequiredInfoView.swift */ = {isa = PBXFileReference; lastKnownFileType = sourcecode.swift; path = RequiredInfoView.swift; sourceTree = "<group>"; };
		CCCB0FB626567EF1003F204F /* CreateMeetingViewController.swift */ = {isa = PBXFileReference; lastKnownFileType = sourcecode.swift; path = CreateMeetingViewController.swift; sourceTree = "<group>"; };
/* End PBXFileReference section */

/* Begin PBXFrameworksBuildPhase section */
		A541BEDD259294020055C23C /* Frameworks */ = {
			isa = PBXFrameworksBuildPhase;
			buildActionMask = 2147483647;
			files = (
				F35204DEFED4939B977CBAE5 /* Pods_ironman.framework in Frameworks */,
			);
			runOnlyForDeploymentPostprocessing = 0;
		};
/* End PBXFrameworksBuildPhase section */

/* Begin PBXGroup section */
		820A62F4B6626C3BDF3F43D5 /* Frameworks */ = {
			isa = PBXGroup;
			children = (
				31FB9468E0D1820A16A270FB /* Pods_ironman.framework */,
			);
			name = Frameworks;
			sourceTree = "<group>";
		};
		A541BED7259294020055C23C = {
			isa = PBXGroup;
			children = (
				A541BEE2259294020055C23C /* ironman */,
				A541BEE1259294020055C23C /* Products */,
				B87B25453A4C89C0EF2D9611 /* Pods */,
				820A62F4B6626C3BDF3F43D5 /* Frameworks */,
			);
			sourceTree = "<group>";
		};
		A541BEE1259294020055C23C /* Products */ = {
			isa = PBXGroup;
			children = (
				A541BEE0259294020055C23C /* ironman.app */,
			);
			name = Products;
			sourceTree = "<group>";
		};
		A541BEE2259294020055C23C /* ironman */ = {
			isa = PBXGroup;
			children = (
				CCBECB5B2662397700800705 /* Home */,
				CCBECB32265F7FC000800705 /* Extension */,
				CCC58123265E1B5500872D3B /* Common */,
				CCCB0FB426567EDA003F204F /* Create */,
				A5FAC5DF259370580076F6F6 /* Intro */,
				A541BF1D25929DFA0055C23C /* Font */,
				A541BEE3259294020055C23C /* AppDelegate.swift */,
				A541BEE5259294020055C23C /* SceneDelegate.swift */,
				A541BEE7259294020055C23C /* ViewController.swift */,
				A541BEE9259294020055C23C /* Main.storyboard */,
				A541BEEC259294030055C23C /* Assets.xcassets */,
				A541BEEE259294030055C23C /* LaunchScreen.storyboard */,
				A541BEF1259294030055C23C /* Info.plist */,
			);
			path = ironman;
			sourceTree = "<group>";
		};
		A541BF1D25929DFA0055C23C /* Font */ = {
			isa = PBXGroup;
			children = (
				CCC58120265E1AB600872D3B /* NotoSansKR-Bold.otf */,
				CCC58121265E1ABC00872D3B /* NotoSansKR-Medium.otf */,
				CCC58122265E1AC300872D3B /* NotoSansKR-Regular.otf */,
			);
			path = Font;
			sourceTree = "<group>";
		};
		A5FAC5DF259370580076F6F6 /* Intro */ = {
			isa = PBXGroup;
			children = (
				A5FAC5E0259370BC0076F6F6 /* NicknameValidateViewController.swift */,
				A5FAC5E425937B760076F6F6 /* ProfileSelectViewController.swift */,
				A5FAC5E7259381D20076F6F6 /* ProfileResultViewController.swift */,
				A5FAC5EA2593869D0076F6F6 /* ServiceViewController.swift */,
				A5FAC5ED259389490076F6F6 /* IntroBaseViewController.swift */,
			);
			path = Intro;
			sourceTree = "<group>";
		};
		B87B25453A4C89C0EF2D9611 /* Pods */ = {
			isa = PBXGroup;
			children = (
				2E055DFA768A3D2C6B5F9A56 /* Pods-ironman.debug.xcconfig */,
				14EF389C9F082609EBC01F34 /* Pods-ironman.release.xcconfig */,
			);
			path = Pods;
			sourceTree = "<group>";
		};
		CCBECB2A265F693700800705 /* ViewComponent */ = {
			isa = PBXGroup;
			children = (
				CCC5812F265E54EC00872D3B /* RequiredInfoView.swift */,
				CCBECB2B265F694F00800705 /* AdditionalInfoView.swift */,
				CCBECB2D265F717800800705 /* CreateConfirmButton.swift */,
				CCBECB36265F90E200800705 /* CreateDetailTitleLabel.swift */,
				CCBECB3B2660AB0E00800705 /* BackButton.swift */,
				CCBECB422660D1E500800705 /* CreateMeetingGuideButton.swift */,
				CCBECB4A2660EC0400800705 /* CreateDetailConfirmButton.swift */,
			);
			path = ViewComponent;
			sourceTree = "<group>";
		};
		CCBECB2F265F7C9100800705 /* DatePick */ = {
			isa = PBXGroup;
			children = (
				CCBECB30265F7CAF00800705 /* DatePickViewController.swift */,
			);
			path = DatePick;
			sourceTree = "<group>";
		};
		CCBECB32265F7FC000800705 /* Extension */ = {
			isa = PBXGroup;
			children = (
				CCBECB3D2660AE9F00800705 /* UITextField+Ext.swift */,
			);
			path = Extension;
			sourceTree = "<group>";
		};
		CCBECB382660A97E00800705 /* PlaceSearch */ = {
			isa = PBXGroup;
			children = (
				CCBECB3F2660B08000800705 /* ViewComponent */,
				CCBECB392660A99700800705 /* PlaceSearchViewController.swift */,
			);
			path = PlaceSearch;
			sourceTree = "<group>";
		};
		CCBECB3F2660B08000800705 /* ViewComponent */ = {
			isa = PBXGroup;
			children = (
				CCBECB402660B09000800705 /* PlaceSearchTableViewCell.swift */,
			);
			path = ViewComponent;
			sourceTree = "<group>";
		};
		CCBECB442660D40300800705 /* Member */ = {
			isa = PBXGroup;
			children = (
				CCBECB452660D41D00800705 /* MemberViewController.swift */,
			);
			path = Member;
			sourceTree = "<group>";
		};
		CCBECB472660E46D00800705 /* Memo */ = {
			isa = PBXGroup;
			children = (
				CCBECB482660E47F00800705 /* MemoViewController.swift */,
			);
			path = Memo;
			sourceTree = "<group>";
		};
		CCBECB4C2660F08B00800705 /* Penalty */ = {
			isa = PBXGroup;
			children = (
				CCBECB4F2660F2C400800705 /* ViewComponent */,
				CCBECB4D2660F0AA00800705 /* PenaltyViewController.swift */,
			);
			path = Penalty;
			sourceTree = "<group>";
		};
		CCBECB4F2660F2C400800705 /* ViewComponent */ = {
			isa = PBXGroup;
			children = (
				CCBECB502660F2D700800705 /* PenaltyTargetInfoView.swift */,
				CCBECB522660F67500800705 /* PenaltyTableViewCell.swift */,
			);
			path = ViewComponent;
			sourceTree = "<group>";
		};
		CCBECB542662043A00800705 /* Complete */ = {
			isa = PBXGroup;
			children = (
				CCBECB552662045E00800705 /* CreateMeetingCompleteViewController.swift */,
			);
			path = Complete;
			sourceTree = "<group>";
		};
		CCBECB5B2662397700800705 /* Home */ = {
			isa = PBXGroup;
			children = (
				CCBECB5C266239D400800705 /* HomeViewController.swift */,
			);
			path = Home;
			sourceTree = "<group>";
		};
		CCC58123265E1B5500872D3B /* Common */ = {
			isa = PBXGroup;
			children = (
				CCC58124265E1B6400872D3B /* HeadingLabel.swift */,
				CCC58126265E281A00872D3B /* XmarkButton.swift */,
				CCC5812B265E3C2C00872D3B /* SubHeadingLabel.swift */,
				CCBECB572662221900800705 /* ChevronGrayButton.swift */,
				CCC5812D265E3E8C00872D3B /* BaseGrayButton.swift */,
			);
			path = Common;
			sourceTree = "<group>";
		};
		CCCB0FB426567EDA003F204F /* Create */ = {
			isa = PBXGroup;
			children = (
				CCCB0FB526567EE3003F204F /* CreateMeeting */,
			);
			path = Create;
			sourceTree = "<group>";
		};
		CCCB0FB526567EE3003F204F /* CreateMeeting */ = {
			isa = PBXGroup;
			children = (
				CCBECB542662043A00800705 /* Complete */,
				CCBECB4C2660F08B00800705 /* Penalty */,
				CCBECB472660E46D00800705 /* Memo */,
				CCBECB442660D40300800705 /* Member */,
				CCBECB382660A97E00800705 /* PlaceSearch */,
				CCBECB2F265F7C9100800705 /* DatePick */,
				CCBECB2A265F693700800705 /* ViewComponent */,
				CCCB0FB626567EF1003F204F /* CreateMeetingViewController.swift */,
			);
			path = CreateMeeting;
			sourceTree = "<group>";
		};
/* End PBXGroup section */

/* Begin PBXNativeTarget section */
		A541BEDF259294020055C23C /* ironman */ = {
			isa = PBXNativeTarget;
			buildConfigurationList = A541BEF4259294030055C23C /* Build configuration list for PBXNativeTarget "ironman" */;
			buildPhases = (
				79E6DB2AECDF8704F3A52124 /* [CP] Check Pods Manifest.lock */,
				A541BEDC259294020055C23C /* Sources */,
				A541BEDD259294020055C23C /* Frameworks */,
				A541BEDE259294020055C23C /* Resources */,
				2851B1351874411613C6641E /* [CP] Embed Pods Frameworks */,
			);
			buildRules = (
			);
			dependencies = (
			);
			name = ironman;
			productName = ironman;
			productReference = A541BEE0259294020055C23C /* ironman.app */;
			productType = "com.apple.product-type.application";
		};
/* End PBXNativeTarget section */

/* Begin PBXProject section */
		A541BED8259294020055C23C /* Project object */ = {
			isa = PBXProject;
			attributes = {
				LastSwiftUpdateCheck = 1200;
				LastUpgradeCheck = 1200;
				TargetAttributes = {
					A541BEDF259294020055C23C = {
						CreatedOnToolsVersion = 12.0.1;
					};
				};
			};
			buildConfigurationList = A541BEDB259294020055C23C /* Build configuration list for PBXProject "ironman" */;
			compatibilityVersion = "Xcode 9.3";
			developmentRegion = en;
			hasScannedForEncodings = 0;
			knownRegions = (
				en,
				Base,
			);
			mainGroup = A541BED7259294020055C23C;
			productRefGroup = A541BEE1259294020055C23C /* Products */;
			projectDirPath = "";
			projectRoot = "";
			targets = (
				A541BEDF259294020055C23C /* ironman */,
			);
		};
/* End PBXProject section */

/* Begin PBXResourcesBuildPhase section */
		A541BEDE259294020055C23C /* Resources */ = {
			isa = PBXResourcesBuildPhase;
			buildActionMask = 2147483647;
			files = (
				CCC58128265E35F900872D3B /* NotoSansKR-Bold.otf in Resources */,
				CCC58129265E35F900872D3B /* NotoSansKR-Medium.otf in Resources */,
				CCC5812A265E35F900872D3B /* NotoSansKR-Regular.otf in Resources */,
				A541BEF0259294030055C23C /* LaunchScreen.storyboard in Resources */,
				A541BEED259294030055C23C /* Assets.xcassets in Resources */,
				A541BEEB259294020055C23C /* Main.storyboard in Resources */,
			);
			runOnlyForDeploymentPostprocessing = 0;
		};
/* End PBXResourcesBuildPhase section */

/* Begin PBXShellScriptBuildPhase section */
		2851B1351874411613C6641E /* [CP] Embed Pods Frameworks */ = {
			isa = PBXShellScriptBuildPhase;
			buildActionMask = 2147483647;
			files = (
			);
			inputFileListPaths = (
				"${PODS_ROOT}/Target Support Files/Pods-ironman/Pods-ironman-frameworks-${CONFIGURATION}-input-files.xcfilelist",
			);
			name = "[CP] Embed Pods Frameworks";
			outputFileListPaths = (
				"${PODS_ROOT}/Target Support Files/Pods-ironman/Pods-ironman-frameworks-${CONFIGURATION}-output-files.xcfilelist",
			);
			runOnlyForDeploymentPostprocessing = 0;
			shellPath = /bin/sh;
			shellScript = "\"${PODS_ROOT}/Target Support Files/Pods-ironman/Pods-ironman-frameworks.sh\"\n";
			showEnvVarsInLog = 0;
		};
		79E6DB2AECDF8704F3A52124 /* [CP] Check Pods Manifest.lock */ = {
			isa = PBXShellScriptBuildPhase;
			buildActionMask = 2147483647;
			files = (
			);
			inputFileListPaths = (
			);
			inputPaths = (
				"${PODS_PODFILE_DIR_PATH}/Podfile.lock",
				"${PODS_ROOT}/Manifest.lock",
			);
			name = "[CP] Check Pods Manifest.lock";
			outputFileListPaths = (
			);
			outputPaths = (
				"$(DERIVED_FILE_DIR)/Pods-ironman-checkManifestLockResult.txt",
			);
			runOnlyForDeploymentPostprocessing = 0;
			shellPath = /bin/sh;
			shellScript = "diff \"${PODS_PODFILE_DIR_PATH}/Podfile.lock\" \"${PODS_ROOT}/Manifest.lock\" > /dev/null\nif [ $? != 0 ] ; then\n    # print error to STDERR\n    echo \"error: The sandbox is not in sync with the Podfile.lock. Run 'pod install' or update your CocoaPods installation.\" >&2\n    exit 1\nfi\n# This output is used by Xcode 'outputs' to avoid re-running this script phase.\necho \"SUCCESS\" > \"${SCRIPT_OUTPUT_FILE_0}\"\n";
			showEnvVarsInLog = 0;
		};
/* End PBXShellScriptBuildPhase section */

/* Begin PBXSourcesBuildPhase section */
		A541BEDC259294020055C23C /* Sources */ = {
			isa = PBXSourcesBuildPhase;
			buildActionMask = 2147483647;
			files = (
				A541BEE8259294020055C23C /* ViewController.swift in Sources */,
				CCBECB532660F67500800705 /* PenaltyTableViewCell.swift in Sources */,
				CCC58130265E54EC00872D3B /* RequiredInfoView.swift in Sources */,
				CCBECB3A2660A99700800705 /* PlaceSearchViewController.swift in Sources */,
				CCBECB4B2660EC0400800705 /* CreateDetailConfirmButton.swift in Sources */,
				CCBECB4E2660F0AA00800705 /* PenaltyViewController.swift in Sources */,
				CCBECB512660F2D700800705 /* PenaltyTargetInfoView.swift in Sources */,
				CCBECB2E265F717800800705 /* CreateConfirmButton.swift in Sources */,
				CCBECB3C2660AB0E00800705 /* BackButton.swift in Sources */,
				A541BEE4259294020055C23C /* AppDelegate.swift in Sources */,
				CCC58127265E281A00872D3B /* XmarkButton.swift in Sources */,
				CCBECB492660E47F00800705 /* MemoViewController.swift in Sources */,
				CCCB0FB726567EF1003F204F /* CreateMeetingViewController.swift in Sources */,
				CCBECB2C265F694F00800705 /* AdditionalInfoView.swift in Sources */,
				CCBECB412660B09000800705 /* PlaceSearchTableViewCell.swift in Sources */,
				CCBECB562662045E00800705 /* CreateMeetingCompleteViewController.swift in Sources */,
				CCBECB582662221900800705 /* ChevronGrayButton.swift in Sources */,
				CCC58125265E1B6400872D3B /* HeadingLabel.swift in Sources */,
				CCBECB3E2660AE9F00800705 /* UITextField+Ext.swift in Sources */,
				CCBECB462660D41D00800705 /* MemberViewController.swift in Sources */,
				CCBECB37265F90E200800705 /* CreateDetailTitleLabel.swift in Sources */,
				A5FAC5E525937B760076F6F6 /* ProfileSelectViewController.swift in Sources */,
				A5FAC5E8259381D20076F6F6 /* ProfileResultViewController.swift in Sources */,
				A5FAC5EB2593869D0076F6F6 /* ServiceViewController.swift in Sources */,
				CCC5812E265E3E8C00872D3B /* BaseGrayButton.swift in Sources */,
				A5FAC5E1259370BC0076F6F6 /* NicknameValidateViewController.swift in Sources */,
				CCBECB432660D1E500800705 /* CreateMeetingGuideButton.swift in Sources */,
				CCBECB5D266239D400800705 /* HomeViewController.swift in Sources */,
				A5FAC5EE259389490076F6F6 /* IntroBaseViewController.swift in Sources */,
				CCC5812C265E3C2C00872D3B /* SubHeadingLabel.swift in Sources */,
				A541BEE6259294020055C23C /* SceneDelegate.swift in Sources */,
				CCBECB31265F7CAF00800705 /* DatePickViewController.swift in Sources */,
			);
			runOnlyForDeploymentPostprocessing = 0;
		};
/* End PBXSourcesBuildPhase section */

/* Begin PBXVariantGroup section */
		A541BEE9259294020055C23C /* Main.storyboard */ = {
			isa = PBXVariantGroup;
			children = (
				A541BEEA259294020055C23C /* Base */,
			);
			name = Main.storyboard;
			sourceTree = "<group>";
		};
		A541BEEE259294030055C23C /* LaunchScreen.storyboard */ = {
			isa = PBXVariantGroup;
			children = (
				A541BEEF259294030055C23C /* Base */,
			);
			name = LaunchScreen.storyboard;
			sourceTree = "<group>";
		};
/* End PBXVariantGroup section */

/* Begin XCBuildConfiguration section */
		A541BEF2259294030055C23C /* Debug */ = {
			isa = XCBuildConfiguration;
			buildSettings = {
				ALWAYS_SEARCH_USER_PATHS = NO;
				CLANG_ANALYZER_NONNULL = YES;
				CLANG_ANALYZER_NUMBER_OBJECT_CONVERSION = YES_AGGRESSIVE;
				CLANG_CXX_LANGUAGE_STANDARD = "gnu++14";
				CLANG_CXX_LIBRARY = "libc++";
				CLANG_ENABLE_MODULES = YES;
				CLANG_ENABLE_OBJC_ARC = YES;
				CLANG_ENABLE_OBJC_WEAK = YES;
				CLANG_WARN_BLOCK_CAPTURE_AUTORELEASING = YES;
				CLANG_WARN_BOOL_CONVERSION = YES;
				CLANG_WARN_COMMA = YES;
				CLANG_WARN_CONSTANT_CONVERSION = YES;
				CLANG_WARN_DEPRECATED_OBJC_IMPLEMENTATIONS = YES;
				CLANG_WARN_DIRECT_OBJC_ISA_USAGE = YES_ERROR;
				CLANG_WARN_DOCUMENTATION_COMMENTS = YES;
				CLANG_WARN_EMPTY_BODY = YES;
				CLANG_WARN_ENUM_CONVERSION = YES;
				CLANG_WARN_INFINITE_RECURSION = YES;
				CLANG_WARN_INT_CONVERSION = YES;
				CLANG_WARN_NON_LITERAL_NULL_CONVERSION = YES;
				CLANG_WARN_OBJC_IMPLICIT_RETAIN_SELF = YES;
				CLANG_WARN_OBJC_LITERAL_CONVERSION = YES;
				CLANG_WARN_OBJC_ROOT_CLASS = YES_ERROR;
				CLANG_WARN_QUOTED_INCLUDE_IN_FRAMEWORK_HEADER = YES;
				CLANG_WARN_RANGE_LOOP_ANALYSIS = YES;
				CLANG_WARN_STRICT_PROTOTYPES = YES;
				CLANG_WARN_SUSPICIOUS_MOVE = YES;
				CLANG_WARN_UNGUARDED_AVAILABILITY = YES_AGGRESSIVE;
				CLANG_WARN_UNREACHABLE_CODE = YES;
				CLANG_WARN__DUPLICATE_METHOD_MATCH = YES;
				COPY_PHASE_STRIP = NO;
				DEBUG_INFORMATION_FORMAT = dwarf;
				ENABLE_STRICT_OBJC_MSGSEND = YES;
				ENABLE_TESTABILITY = YES;
				GCC_C_LANGUAGE_STANDARD = gnu11;
				GCC_DYNAMIC_NO_PIC = NO;
				GCC_NO_COMMON_BLOCKS = YES;
				GCC_OPTIMIZATION_LEVEL = 0;
				GCC_PREPROCESSOR_DEFINITIONS = (
					"DEBUG=1",
					"$(inherited)",
				);
				GCC_WARN_64_TO_32_BIT_CONVERSION = YES;
				GCC_WARN_ABOUT_RETURN_TYPE = YES_ERROR;
				GCC_WARN_UNDECLARED_SELECTOR = YES;
				GCC_WARN_UNINITIALIZED_AUTOS = YES_AGGRESSIVE;
				GCC_WARN_UNUSED_FUNCTION = YES;
				GCC_WARN_UNUSED_VARIABLE = YES;
				IPHONEOS_DEPLOYMENT_TARGET = 14.0;
				MTL_ENABLE_DEBUG_INFO = INCLUDE_SOURCE;
				MTL_FAST_MATH = YES;
				ONLY_ACTIVE_ARCH = YES;
				SDKROOT = iphoneos;
				SWIFT_ACTIVE_COMPILATION_CONDITIONS = DEBUG;
				SWIFT_OPTIMIZATION_LEVEL = "-Onone";
			};
			name = Debug;
		};
		A541BEF3259294030055C23C /* Release */ = {
			isa = XCBuildConfiguration;
			buildSettings = {
				ALWAYS_SEARCH_USER_PATHS = NO;
				CLANG_ANALYZER_NONNULL = YES;
				CLANG_ANALYZER_NUMBER_OBJECT_CONVERSION = YES_AGGRESSIVE;
				CLANG_CXX_LANGUAGE_STANDARD = "gnu++14";
				CLANG_CXX_LIBRARY = "libc++";
				CLANG_ENABLE_MODULES = YES;
				CLANG_ENABLE_OBJC_ARC = YES;
				CLANG_ENABLE_OBJC_WEAK = YES;
				CLANG_WARN_BLOCK_CAPTURE_AUTORELEASING = YES;
				CLANG_WARN_BOOL_CONVERSION = YES;
				CLANG_WARN_COMMA = YES;
				CLANG_WARN_CONSTANT_CONVERSION = YES;
				CLANG_WARN_DEPRECATED_OBJC_IMPLEMENTATIONS = YES;
				CLANG_WARN_DIRECT_OBJC_ISA_USAGE = YES_ERROR;
				CLANG_WARN_DOCUMENTATION_COMMENTS = YES;
				CLANG_WARN_EMPTY_BODY = YES;
				CLANG_WARN_ENUM_CONVERSION = YES;
				CLANG_WARN_INFINITE_RECURSION = YES;
				CLANG_WARN_INT_CONVERSION = YES;
				CLANG_WARN_NON_LITERAL_NULL_CONVERSION = YES;
				CLANG_WARN_OBJC_IMPLICIT_RETAIN_SELF = YES;
				CLANG_WARN_OBJC_LITERAL_CONVERSION = YES;
				CLANG_WARN_OBJC_ROOT_CLASS = YES_ERROR;
				CLANG_WARN_QUOTED_INCLUDE_IN_FRAMEWORK_HEADER = YES;
				CLANG_WARN_RANGE_LOOP_ANALYSIS = YES;
				CLANG_WARN_STRICT_PROTOTYPES = YES;
				CLANG_WARN_SUSPICIOUS_MOVE = YES;
				CLANG_WARN_UNGUARDED_AVAILABILITY = YES_AGGRESSIVE;
				CLANG_WARN_UNREACHABLE_CODE = YES;
				CLANG_WARN__DUPLICATE_METHOD_MATCH = YES;
				COPY_PHASE_STRIP = NO;
				DEBUG_INFORMATION_FORMAT = "dwarf-with-dsym";
				ENABLE_NS_ASSERTIONS = NO;
				ENABLE_STRICT_OBJC_MSGSEND = YES;
				GCC_C_LANGUAGE_STANDARD = gnu11;
				GCC_NO_COMMON_BLOCKS = YES;
				GCC_WARN_64_TO_32_BIT_CONVERSION = YES;
				GCC_WARN_ABOUT_RETURN_TYPE = YES_ERROR;
				GCC_WARN_UNDECLARED_SELECTOR = YES;
				GCC_WARN_UNINITIALIZED_AUTOS = YES_AGGRESSIVE;
				GCC_WARN_UNUSED_FUNCTION = YES;
				GCC_WARN_UNUSED_VARIABLE = YES;
				IPHONEOS_DEPLOYMENT_TARGET = 14.0;
				MTL_ENABLE_DEBUG_INFO = NO;
				MTL_FAST_MATH = YES;
				SDKROOT = iphoneos;
				SWIFT_COMPILATION_MODE = wholemodule;
				SWIFT_OPTIMIZATION_LEVEL = "-O";
				VALIDATE_PRODUCT = YES;
			};
			name = Release;
		};
		A541BEF5259294030055C23C /* Debug */ = {
			isa = XCBuildConfiguration;
			baseConfigurationReference = 2E055DFA768A3D2C6B5F9A56 /* Pods-ironman.debug.xcconfig */;
			buildSettings = {
				ASSETCATALOG_COMPILER_APPICON_NAME = AppIcon;
				ASSETCATALOG_COMPILER_GLOBAL_ACCENT_COLOR_NAME = AccentColor;
				CODE_SIGN_STYLE = Automatic;
				DEVELOPMENT_TEAM = DH7PS64634;
				INFOPLIST_FILE = ironman/Info.plist;
				LD_RUNPATH_SEARCH_PATHS = (
					"$(inherited)",
					"@executable_path/Frameworks",
				);
				PRODUCT_BUNDLE_IDENTIFIER = com.onceagain.ironman;
				PRODUCT_NAME = "$(TARGET_NAME)";
				SWIFT_VERSION = 5.0;
				TARGETED_DEVICE_FAMILY = "1,2";
			};
			name = Debug;
		};
		A541BEF6259294030055C23C /* Release */ = {
			isa = XCBuildConfiguration;
			baseConfigurationReference = 14EF389C9F082609EBC01F34 /* Pods-ironman.release.xcconfig */;
			buildSettings = {
				ASSETCATALOG_COMPILER_APPICON_NAME = AppIcon;
				ASSETCATALOG_COMPILER_GLOBAL_ACCENT_COLOR_NAME = AccentColor;
				CODE_SIGN_STYLE = Automatic;
				DEVELOPMENT_TEAM = DH7PS64634;
				INFOPLIST_FILE = ironman/Info.plist;
				LD_RUNPATH_SEARCH_PATHS = (
					"$(inherited)",
					"@executable_path/Frameworks",
				);
				PRODUCT_BUNDLE_IDENTIFIER = com.onceagain.ironman;
				PRODUCT_NAME = "$(TARGET_NAME)";
				SWIFT_VERSION = 5.0;
				TARGETED_DEVICE_FAMILY = "1,2";
			};
			name = Release;
		};
/* End XCBuildConfiguration section */

/* Begin XCConfigurationList section */
		A541BEDB259294020055C23C /* Build configuration list for PBXProject "ironman" */ = {
			isa = XCConfigurationList;
			buildConfigurations = (
				A541BEF2259294030055C23C /* Debug */,
				A541BEF3259294030055C23C /* Release */,
			);
			defaultConfigurationIsVisible = 0;
			defaultConfigurationName = Release;
		};
		A541BEF4259294030055C23C /* Build configuration list for PBXNativeTarget "ironman" */ = {
			isa = XCConfigurationList;
			buildConfigurations = (
				A541BEF5259294030055C23C /* Debug */,
				A541BEF6259294030055C23C /* Release */,
			);
			defaultConfigurationIsVisible = 0;
			defaultConfigurationName = Release;
		};
/* End XCConfigurationList section */
	};
	rootObject = A541BED8259294020055C23C /* Project object */;
}
